
Microsoft Visual Studio Solution File, Format Version 12.00
# Visual Studio Version 17
VisualStudioVersion = 17.14.36414.22
MinimumVisualStudioVersion = 10.0.40219.1
Project("{2150E333-8FDC-42A3-9474-1A3956D46DE8}") = "Task0", "Task0", "{36D591C7-65C7-A0D1-1CBC-10CDE441BDC8}"
EndProject
Project("{FAE04EC0-301F-11D3-BF4B-00C04F79EFBC}") = "Tyuiu.NikitinRYu.Sprint6.Task0.V22", "Tyuiu.NikitinRYu.Sprint6.Task0.V22\Tyuiu.NikitinRYu.Sprint6.Task0.V22.csproj", "{E13B90E9-A3CF-CF93-EA86-D5659EE67AEB}"
EndProject
Project("{FAE04EC0-301F-11D3-BF4B-00C04F79EFBC}") = "Tyuiu.NikitinRYu.Sprint6.Task0.V22.Lib", "Tyuiu.NikitinRYu.Sprint6.Task0.V22.Lib\Tyuiu.NikitinRYu.Sprint6.Task0.V22.Lib.csproj", "{8A302EC3-E70E-ECD6-A89B-4BCF1827F8F0}"
EndProject
Project("{FAE04EC0-301F-11D3-BF4B-00C04F79EFBC}") = "Tyuiu.NikitinRYu.Sprint6.Task0.V22.Test", "Tyuiu.NikitinRYu.Sprint6.Task0.V22.Test\Tyuiu.NikitinRYu.Sprint6.Task0.V22.Test.csproj", "{4FC43A90-3C6D-0FE0-F345-6AD1E08EC50E}"
EndProject
Project("{2150E333-8FDC-42A3-9474-1A3956D46DE8}") = "Task1", "Task1", "{CD4E345F-14DE-47F5-BE84-A04978B4964D}"
EndProject
Project("{FAE04EC0-301F-11D3-BF4B-00C04F79EFBC}") = "Tyuiu.NikitinRYu.Sprint6.Task1.V28", "Tyuiu.NikitinRYu.Sprint6.Task1.V28\Tyuiu.NikitinRYu.Sprint6.Task1.V28.csproj", "{CC95E594-5666-2447-C110-5B0BB3944842}"
EndProject
Project("{FAE04EC0-301F-11D3-BF4B-00C04F79EFBC}") = "Tyuiu.NikitinRYu.Sprint6.Task1.V28.Lib", "Tyuiu.NikitinRYu.Sprint6.Task1.V28.Lib\Tyuiu.NikitinRYu.Sprint6.Task1.V28.Lib.csproj", "{7A18E759-1CD4-0AE3-DEF5-91FF53C78D84}"
EndProject
Project("{FAE04EC0-301F-11D3-BF4B-00C04F79EFBC}") = "Tyuiu.NikitinRYu.Sprint6.Task1.V28.Test", "Tyuiu.NikitinRYu.Sprint6.Task1.V28.Test\Tyuiu.NikitinRYu.Sprint6.Task1.V28.Test.csproj", "{810AF8EA-3A23-A682-E71C-96870B0BB848}"
EndProject
Project("{2150E333-8FDC-42A3-9474-1A3956D46DE8}") = "Task2", "Task2", "{3380EC1F-5DA4-4A2B-B467-CDC3D12089F9}"
EndProject
Project("{FAE04EC0-301F-11D3-BF4B-00C04F79EFBC}") = "Tyuiu.NikitinRYu.Sprint6.Task2.V15", "Tyuiu.NikitinRYu.Sprint6.Task2.V15\Tyuiu.NikitinRYu.Sprint6.Task2.V15.csproj", "{5C6E4724-BD0A-83E0-3748-3424E229D070}"
EndProject
Project("{FAE04EC0-301F-11D3-BF4B-00C04F79EFBC}") = "Tyuiu.NikitinRYu.Sprint6.Task2.V15.Lib", "Tyuiu.NikitinRYu.Sprint6.Task2.V15.Lib\Tyuiu.NikitinRYu.Sprint6.Task2.V15.Lib.csproj", "{4117292B-1C0B-4D50-AAFD-9FCA2210CBFD}"
EndProject
Project("{FAE04EC0-301F-11D3-BF4B-00C04F79EFBC}") = "Tyuiu.NikitinRYu.Sprint6.Task2.V15.Test", "Tyuiu.NikitinRYu.Sprint6.Task2.V15.Test\Tyuiu.NikitinRYu.Sprint6.Task2.V15.Test.csproj", "{339BF9FA-2466-195F-33E1-B8C123FB6B0E}"
EndProject
Project("{2150E333-8FDC-42A3-9474-1A3956D46DE8}") = "Task3", "Task3", "{F5B620FE-097D-4C23-A0F7-A668ABEF53DF}"
EndProject
Project("{FAE04EC0-301F-11D3-BF4B-00C04F79EFBC}") = "Tyuiu.NikitinRYu.Sprint6.Task3.V9", "Tyuiu.NikitinRYu.Sprint6.Task3.V9\Tyuiu.NikitinRYu.Sprint6.Task3.V9.csproj", "{EFE0A6C5-92CA-EFCC-FC82-303934C41758}"
EndProject
Project("{FAE04EC0-301F-11D3-BF4B-00C04F79EFBC}") = "Tyuiu.NikitinRYu.Sprint6.Task3.V9.Lib", "Tyuiu.NikitinRYu.Sprint6.Task3.V9.Lib\Tyuiu.NikitinRYu.Sprint6.Task3.V9.Lib.csproj", "{784A257C-DEDF-9A0C-0278-8797048F4502}"
EndProject
Project("{FAE04EC0-301F-11D3-BF4B-00C04F79EFBC}") = "Tyuiu.NikitinRYu.Sprint6.Task3.V9.Test", "Tyuiu.NikitinRYu.Sprint6.Task3.V9.Test\Tyuiu.NikitinRYu.Sprint6.Task3.V9.Test.csproj", "{9EDD0BF4-55C9-45DC-2F60-35255AE34D6E}"
EndProject
Project("{2150E333-8FDC-42A3-9474-1A3956D46DE8}") = "Task4", "Task4", "{BE3A1959-1B9C-470A-BBEC-050C1025AD24}"
EndProject
Project("{FAE04EC0-301F-11D3-BF4B-00C04F79EFBC}") = "Tyuiu.NikitinRYu.Sprint6.Task4.V2", "Tyuiu.NikitinRYu.Sprint6.Task4.V2\Tyuiu.NikitinRYu.Sprint6.Task4.V2.csproj", "{12C0B585-857D-106E-2FEB-714E23A3AFDE}"
EndProject
Project("{FAE04EC0-301F-11D3-BF4B-00C04F79EFBC}") = "Tyuiu.NikitinRYu.Sprint6.Task4.V2.Lib", "Tyuiu.NikitinRYu.Sprint6.Task4.V2.Lib\Tyuiu.NikitinRYu.Sprint6.Task4.V2.Lib.csproj", "{2957CA8E-E5D7-27D0-E534-A21EF6240494}"
EndProject
Project("{FAE04EC0-301F-11D3-BF4B-00C04F79EFBC}") = "Tyuiu.NikitinRYu.Sprint6.Task4.V2.Test", "Tyuiu.NikitinRYu.Sprint6.Task4.V2.Test\Tyuiu.NikitinRYu.Sprint6.Task4.V2.Test.csproj", "{3D4C828A-F2F8-466F-4689-6E6A0B7F4C19}"
EndProject
Project("{2150E333-8FDC-42A3-9474-1A3956D46DE8}") = "Task5", "Task5", "{A9426F15-0022-4735-9D27-65657A060016}"
EndProject
Project("{FAE04EC0-301F-11D3-BF4B-00C04F79EFBC}") = "Tyuiu.NikitinRYu.Sprint6.Task5.V2", "Tyuiu.NikitinRYu.Sprint6.Task5.V2\Tyuiu.NikitinRYu.Sprint6.Task5.V2.csproj", "{28BF9294-3E0B-4155-9C9C-109043095400}"
EndProject
Project("{FAE04EC0-301F-11D3-BF4B-00C04F79EFBC}") = "Tyuiu.NikitinRYu.Sprint6.Task5.V2.Lib", "Tyuiu.NikitinRYu.Sprint6.Task5.V2.Lib\Tyuiu.NikitinRYu.Sprint6.Task5.V2.Lib.csproj", "{9D1166FC-CE97-429D-A314-075ACE3E2D1E}"
EndProject
Project("{FAE04EC0-301F-11D3-BF4B-00C04F79EFBC}") = "Tyuiu.NikitinRYu.Sprint6.Task5.V2.Test", "Tyuiu.NikitinRYu.Sprint6.Task5.V2.Test\Tyuiu.NikitinRYu.Sprint6.Task5.V2.Test.csproj", "{156CDEB8-E3C0-4DDD-96BE-A9C54D248C92}"
EndProject
Project("{2150E333-8FDC-42A3-9474-1A3956D46DE8}") = "Task6", "Task6", "{3B1048CD-3378-4611-83CC-ACBA5C5A2C3D}"
EndProject
Project("{FAE04EC0-301F-11D3-BF4B-00C04F79EFBC}") = "Tyuiu.NikitinRYu.Sprint6.Task6.V3", "Tyuiu.NikitinRYu.Sprint6.Task6.V3\Tyuiu.NikitinRYu.Sprint6.Task6.V3.csproj", "{152AB269-438C-456E-9C42-BFB5BFC8B5BF}"
EndProject
Project("{FAE04EC0-301F-11D3-BF4B-00C04F79EFBC}") = "Tyuiu.NikitinRYu.Sprint6.Task6.V3.Lib", "Tyuiu.NikitinRYu.Sprint6.Task6.V3.Lib\Tyuiu.NikitinRYu.Sprint6.Task6.V3.Lib.csproj", "{E1CB6F76-B125-4EAD-BA91-FCD6E13577EC}"
EndProject
Project("{FAE04EC0-301F-11D3-BF4B-00C04F79EFBC}") = "Tyuiu.NikitinRYu.Sprint6.Task6.V3.Test", "Tyuiu.NikitinRYu.Sprint6.Task6.V3.Test\Tyuiu.NikitinRYu.Sprint6.Task6.V3.Test.csproj", "{CDE97E60-A27E-4E2F-BE45-E23833EB62C4}"
EndProject
Global
	GlobalSection(SolutionConfigurationPlatforms) = preSolution
		Debug|Any CPU = Debug|Any CPU
		Release|Any CPU = Release|Any CPU
	EndGlobalSection
	GlobalSection(ProjectConfigurationPlatforms) = postSolution
		{E13B90E9-A3CF-CF93-EA86-D5659EE67AEB}.Debug|Any CPU.ActiveCfg = Debug|Any CPU
		{E13B90E9-A3CF-CF93-EA86-D5659EE67AEB}.Debug|Any CPU.Build.0 = Debug|Any CPU
		{E13B90E9-A3CF-CF93-EA86-D5659EE67AEB}.Release|Any CPU.ActiveCfg = Release|Any CPU
		{E13B90E9-A3CF-CF93-EA86-D5659EE67AEB}.Release|Any CPU.Build.0 = Release|Any CPU
		{8A302EC3-E70E-ECD6-A89B-4BCF1827F8F0}.Debug|Any CPU.ActiveCfg = Debug|Any CPU
		{8A302EC3-E70E-ECD6-A89B-4BCF1827F8F0}.Debug|Any CPU.Build.0 = Debug|Any CPU
		{8A302EC3-E70E-ECD6-A89B-4BCF1827F8F0}.Release|Any CPU.ActiveCfg = Release|Any CPU
		{8A302EC3-E70E-ECD6-A89B-4BCF1827F8F0}.Release|Any CPU.Build.0 = Release|Any CPU
		{4FC43A90-3C6D-0FE0-F345-6AD1E08EC50E}.Debug|Any CPU.ActiveCfg = Debug|Any CPU
		{4FC43A90-3C6D-0FE0-F345-6AD1E08EC50E}.Debug|Any CPU.Build.0 = Debug|Any CPU
		{4FC43A90-3C6D-0FE0-F345-6AD1E08EC50E}.Release|Any CPU.ActiveCfg = Release|Any CPU
		{4FC43A90-3C6D-0FE0-F345-6AD1E08EC50E}.Release|Any CPU.Build.0 = Release|Any CPU
		{CC95E594-5666-2447-C110-5B0BB3944842}.Debug|Any CPU.ActiveCfg = Debug|Any CPU
		{CC95E594-5666-2447-C110-5B0BB3944842}.Debug|Any CPU.Build.0 = Debug|Any CPU
		{CC95E594-5666-2447-C110-5B0BB3944842}.Release|Any CPU.ActiveCfg = Release|Any CPU
		{CC95E594-5666-2447-C110-5B0BB3944842}.Release|Any CPU.Build.0 = Release|Any CPU
		{7A18E759-1CD4-0AE3-DEF5-91FF53C78D84}.Debug|Any CPU.ActiveCfg = Debug|Any CPU
		{7A18E759-1CD4-0AE3-DEF5-91FF53C78D84}.Debug|Any CPU.Build.0 = Debug|Any CPU
		{7A18E759-1CD4-0AE3-DEF5-91FF53C78D84}.Release|Any CPU.ActiveCfg = Release|Any CPU
		{7A18E759-1CD4-0AE3-DEF5-91FF53C78D84}.Release|Any CPU.Build.0 = Release|Any CPU
		{810AF8EA-3A23-A682-E71C-96870B0BB848}.Debug|Any CPU.ActiveCfg = Debug|Any CPU
		{810AF8EA-3A23-A682-E71C-96870B0BB848}.Debug|Any CPU.Build.0 = Debug|Any CPU
		{810AF8EA-3A23-A682-E71C-96870B0BB848}.Release|Any CPU.ActiveCfg = Release|Any CPU
		{810AF8EA-3A23-A682-E71C-96870B0BB848}.Release|Any CPU.Build.0 = Release|Any CPU
		{5C6E4724-BD0A-83E0-3748-3424E229D070}.Debug|Any CPU.ActiveCfg = Debug|Any CPU
		{5C6E4724-BD0A-83E0-3748-3424E229D070}.Debug|Any CPU.Build.0 = Debug|Any CPU
		{5C6E4724-BD0A-83E0-3748-3424E229D070}.Release|Any CPU.ActiveCfg = Release|Any CPU
		{5C6E4724-BD0A-83E0-3748-3424E229D070}.Release|Any CPU.Build.0 = Release|Any CPU
		{4117292B-1C0B-4D50-AAFD-9FCA2210CBFD}.Debug|Any CPU.ActiveCfg = Debug|Any CPU
		{4117292B-1C0B-4D50-AAFD-9FCA2210CBFD}.Debug|Any CPU.Build.0 = Debug|Any CPU
		{4117292B-1C0B-4D50-AAFD-9FCA2210CBFD}.Release|Any CPU.ActiveCfg = Release|Any CPU
		{4117292B-1C0B-4D50-AAFD-9FCA2210CBFD}.Release|Any CPU.Build.0 = Release|Any CPU
		{339BF9FA-2466-195F-33E1-B8C123FB6B0E}.Debug|Any CPU.ActiveCfg = Debug|Any CPU
		{339BF9FA-2466-195F-33E1-B8C123FB6B0E}.Debug|Any CPU.Build.0 = Debug|Any CPU
		{339BF9FA-2466-195F-33E1-B8C123FB6B0E}.Release|Any CPU.ActiveCfg = Release|Any CPU
		{339BF9FA-2466-195F-33E1-B8C123FB6B0E}.Release|Any CPU.Build.0 = Release|Any CPU
		{EFE0A6C5-92CA-EFCC-FC82-303934C41758}.Debug|Any CPU.ActiveCfg = Debug|Any CPU
		{EFE0A6C5-92CA-EFCC-FC82-303934C41758}.Debug|Any CPU.Build.0 = Debug|Any CPU
		{EFE0A6C5-92CA-EFCC-FC82-303934C41758}.Release|Any CPU.ActiveCfg = Release|Any CPU
		{EFE0A6C5-92CA-EFCC-FC82-303934C41758}.Release|Any CPU.Build.0 = Release|Any CPU
		{784A257C-DEDF-9A0C-0278-8797048F4502}.Debug|Any CPU.ActiveCfg = Debug|Any CPU
		{784A257C-DEDF-9A0C-0278-8797048F4502}.Debug|Any CPU.Build.0 = Debug|Any CPU
		{784A257C-DEDF-9A0C-0278-8797048F4502}.Release|Any CPU.ActiveCfg = Release|Any CPU
		{784A257C-DEDF-9A0C-0278-8797048F4502}.Release|Any CPU.Build.0 = Release|Any CPU
		{9EDD0BF4-55C9-45DC-2F60-35255AE34D6E}.Debug|Any CPU.ActiveCfg = Debug|Any CPU
		{9EDD0BF4-55C9-45DC-2F60-35255AE34D6E}.Debug|Any CPU.Build.0 = Debug|Any CPU
		{9EDD0BF4-55C9-45DC-2F60-35255AE34D6E}.Release|Any CPU.ActiveCfg = Release|Any CPU
		{9EDD0BF4-55C9-45DC-2F60-35255AE34D6E}.Release|Any CPU.Build.0 = Release|Any CPU
		{12C0B585-857D-106E-2FEB-714E23A3AFDE}.Debug|Any CPU.ActiveCfg = Debug|Any CPU
		{12C0B585-857D-106E-2FEB-714E23A3AFDE}.Debug|Any CPU.Build.0 = Debug|Any CPU
		{12C0B585-857D-106E-2FEB-714E23A3AFDE}.Release|Any CPU.ActiveCfg = Release|Any CPU
		{12C0B585-857D-106E-2FEB-714E23A3AFDE}.Release|Any CPU.Build.0 = Release|Any CPU
		{2957CA8E-E5D7-27D0-E534-A21EF6240494}.Debug|Any CPU.ActiveCfg = Debug|Any CPU
		{2957CA8E-E5D7-27D0-E534-A21EF6240494}.Debug|Any CPU.Build.0 = Debug|Any CPU
		{2957CA8E-E5D7-27D0-E534-A21EF6240494}.Release|Any CPU.ActiveCfg = Release|Any CPU
		{2957CA8E-E5D7-27D0-E534-A21EF6240494}.Release|Any CPU.Build.0 = Release|Any CPU
		{3D4C828A-F2F8-466F-4689-6E6A0B7F4C19}.Debug|Any CPU.ActiveCfg = Debug|Any CPU
		{3D4C828A-F2F8-466F-4689-6E6A0B7F4C19}.Debug|Any CPU.Build.0 = Debug|Any CPU
		{3D4C828A-F2F8-466F-4689-6E6A0B7F4C19}.Release|Any CPU.ActiveCfg = Release|Any CPU
		{3D4C828A-F2F8-466F-4689-6E6A0B7F4C19}.Release|Any CPU.Build.0 = Release|Any CPU
		{28BF9294-3E0B-4155-9C9C-109043095400}.Debug|Any CPU.ActiveCfg = Debug|Any CPU
		{28BF9294-3E0B-4155-9C9C-109043095400}.Debug|Any CPU.Build.0 = Debug|Any CPU
		{28BF9294-3E0B-4155-9C9C-109043095400}.Release|Any CPU.ActiveCfg = Release|Any CPU
		{28BF9294-3E0B-4155-9C9C-109043095400}.Release|Any CPU.Build.0 = Release|Any CPU
		{9D1166FC-CE97-429D-A314-075ACE3E2D1E}.Debug|Any CPU.ActiveCfg = Debug|Any CPU
		{9D1166FC-CE97-429D-A314-075ACE3E2D1E}.Debug|Any CPU.Build.0 = Debug|Any CPU
		{9D1166FC-CE97-429D-A314-075ACE3E2D1E}.Release|Any CPU.ActiveCfg = Release|Any CPU
		{9D1166FC-CE97-429D-A314-075ACE3E2D1E}.Release|Any CPU.Build.0 = Release|Any CPU
		{156CDEB8-E3C0-4DDD-96BE-A9C54D248C92}.Debug|Any CPU.ActiveCfg = Debug|Any CPU
		{156CDEB8-E3C0-4DDD-96BE-A9C54D248C92}.Debug|Any CPU.Build.0 = Debug|Any CPU
		{156CDEB8-E3C0-4DDD-96BE-A9C54D248C92}.Release|Any CPU.ActiveCfg = Release|Any CPU
		{156CDEB8-E3C0-4DDD-96BE-A9C54D248C92}.Release|Any CPU.Build.0 = Release|Any CPU
		{152AB269-438C-456E-9C42-BFB5BFC8B5BF}.Debug|Any CPU.ActiveCfg = Debug|Any CPU
		{152AB269-438C-456E-9C42-BFB5BFC8B5BF}.Debug|Any CPU.Build.0 = Debug|Any CPU
		{152AB269-438C-456E-9C42-BFB5BFC8B5BF}.Release|Any CPU.ActiveCfg = Release|Any CPU
		{152AB269-438C-456E-9C42-BFB5BFC8B5BF}.Release|Any CPU.Build.0 = Release|Any CPU
		{E1CB6F76-B125-4EAD-BA91-FCD6E13577EC}.Debug|Any CPU.ActiveCfg = Debug|Any CPU
		{E1CB6F76-B125-4EAD-BA91-FCD6E13577EC}.Debug|Any CPU.Build.0 = Debug|Any CPU
		{E1CB6F76-B125-4EAD-BA91-FCD6E13577EC}.Release|Any CPU.ActiveCfg = Release|Any CPU
		{E1CB6F76-B125-4EAD-BA91-FCD6E13577EC}.Release|Any CPU.Build.0 = Release|Any CPU
		{CDE97E60-A27E-4E2F-BE45-E23833EB62C4}.Debug|Any CPU.ActiveCfg = Debug|Any CPU
		{CDE97E60-A27E-4E2F-BE45-E23833EB62C4}.Debug|Any CPU.Build.0 = Debug|Any CPU
		{CDE97E60-A27E-4E2F-BE45-E23833EB62C4}.Release|Any CPU.ActiveCfg = Release|Any CPU
		{CDE97E60-A27E-4E2F-BE45-E23833EB62C4}.Release|Any CPU.Build.0 = Release|Any CPU
	EndGlobalSection
	GlobalSection(SolutionProperties) = preSolution
		HideSolutionNode = FALSE
	EndGlobalSection
	GlobalSection(NestedProjects) = preSolution
		{E13B90E9-A3CF-CF93-EA86-D5659EE67AEB} = {36D591C7-65C7-A0D1-1CBC-10CDE441BDC8}
		{8A302EC3-E70E-ECD6-A89B-4BCF1827F8F0} = {36D591C7-65C7-A0D1-1CBC-10CDE441BDC8}
		{4FC43A90-3C6D-0FE0-F345-6AD1E08EC50E} = {36D591C7-65C7-A0D1-1CBC-10CDE441BDC8}
		{CC95E594-5666-2447-C110-5B0BB3944842} = {CD4E345F-14DE-47F5-BE84-A04978B4964D}
		{7A18E759-1CD4-0AE3-DEF5-91FF53C78D84} = {CD4E345F-14DE-47F5-BE84-A04978B4964D}
		{810AF8EA-3A23-A682-E71C-96870B0BB848} = {CD4E345F-14DE-47F5-BE84-A04978B4964D}
		{5C6E4724-BD0A-83E0-3748-3424E229D070} = {3380EC1F-5DA4-4A2B-B467-CDC3D12089F9}
		{4117292B-1C0B-4D50-AAFD-9FCA2210CBFD} = {3380EC1F-5DA4-4A2B-B467-CDC3D12089F9}
		{339BF9FA-2466-195F-33E1-B8C123FB6B0E} = {3380EC1F-5DA4-4A2B-B467-CDC3D12089F9}
		{EFE0A6C5-92CA-EFCC-FC82-303934C41758} = {F5B620FE-097D-4C23-A0F7-A668ABEF53DF}
		{784A257C-DEDF-9A0C-0278-8797048F4502} = {F5B620FE-097D-4C23-A0F7-A668ABEF53DF}
		{9EDD0BF4-55C9-45DC-2F60-35255AE34D6E} = {F5B620FE-097D-4C23-A0F7-A668ABEF53DF}
		{12C0B585-857D-106E-2FEB-714E23A3AFDE} = {BE3A1959-1B9C-470A-BBEC-050C1025AD24}
		{2957CA8E-E5D7-27D0-E534-A21EF6240494} = {BE3A1959-1B9C-470A-BBEC-050C1025AD24}
		{3D4C828A-F2F8-466F-4689-6E6A0B7F4C19} = {BE3A1959-1B9C-470A-BBEC-050C1025AD24}
		{28BF9294-3E0B-4155-9C9C-109043095400} = {A9426F15-0022-4735-9D27-65657A060016}
		{9D1166FC-CE97-429D-A314-075ACE3E2D1E} = {A9426F15-0022-4735-9D27-65657A060016}
		{156CDEB8-E3C0-4DDD-96BE-A9C54D248C92} = {A9426F15-0022-4735-9D27-65657A060016}
		{152AB269-438C-456E-9C42-BFB5BFC8B5BF} = {3B1048CD-3378-4611-83CC-ACBA5C5A2C3D}
		{E1CB6F76-B125-4EAD-BA91-FCD6E13577EC} = {3B1048CD-3378-4611-83CC-ACBA5C5A2C3D}
		{CDE97E60-A27E-4E2F-BE45-E23833EB62C4} = {3B1048CD-3378-4611-83CC-ACBA5C5A2C3D}
	EndGlobalSection
	GlobalSection(ExtensibilityGlobals) = postSolution
		SolutionGuid = {1B290F2C-CE88-4DDF-A14C-9808C54D7D2E}
	EndGlobalSection
EndGlobal
