
Microsoft Visual Studio Solution File, Format Version 12.00
# Visual Studio Version 17
VisualStudioVersion = 17.14.36414.22 d17.14
MinimumVisualStudioVersion = 10.0.40219.1
Project("{2150E333-8FDC-42A3-9474-1A3956D46DE8}") = "Task0", "Task0", "{36D591C7-65C7-A0D1-1CBC-10CDE441BDC8}"
EndProject
Project("{FAE04EC0-301F-11D3-BF4B-00C04F79EFBC}") = "Tyuiu.NikitinRYu.Sprint6.Task0.V22", "Tyuiu.NikitinRYu.Sprint6.Task0.V22\Tyuiu.NikitinRYu.Sprint6.Task0.V22.csproj", "{E13B90E9-A3CF-CF93-EA86-D5659EE67AEB}"
EndProject
Project("{FAE04EC0-301F-11D3-BF4B-00C04F79EFBC}") = "Tyuiu.NikitinRYu.Sprint6.Task0.V22.Lib", "Tyuiu.NikitinRYu.Sprint6.Task0.V22.Lib\Tyuiu.NikitinRYu.Sprint6.Task0.V22.Lib.csproj", "{8A302EC3-E70E-ECD6-A89B-4BCF1827F8F0}"
EndProject
Project("{FAE04EC0-301F-11D3-BF4B-00C04F79EFBC}") = "Tyuiu.NikitinRYu.Sprint6.Task0.V22.Test", "Tyuiu.NikitinRYu.Sprint6.Task0.V22.Test\Tyuiu.NikitinRYu.Sprint6.Task0.V22.Test.csproj", "{4FC43A90-3C6D-0FE0-F345-6AD1E08EC50E}"
EndProject
Project("{2150E333-8FDC-42A3-9474-1A3956D46DE8}") = "Task1", "Task1", "{CD4E345F-14DE-47F5-BE84-A04978B4964D}"
EndProject
Project("{FAE04EC0-301F-11D3-BF4B-00C04F79EFBC}") = "Tyuiu.NikitinRYu.Sprint6.Task1.V28", "Tyuiu.NikitinRYu.Sprint6.Task1.V28\Tyuiu.NikitinRYu.Sprint6.Task1.V28.csproj", "{CC95E594-5666-2447-C110-5B0BB3944842}"
EndProject
Project("{FAE04EC0-301F-11D3-BF4B-00C04F79EFBC}") = "Tyuiu.NikitinRYu.Sprint6.Task1.V28.Lib", "Tyuiu.NikitinRYu.Sprint6.Task1.V28.Lib\Tyuiu.NikitinRYu.Sprint6.Task1.V28.Lib.csproj", "{7A18E759-1CD4-0AE3-DEF5-91FF53C78D84}"
EndProject
Project("{FAE04EC0-301F-11D3-BF4B-00C04F79EFBC}") = "Tyuiu.NikitinRYu.Sprint6.Task1.V28.Test", "Tyuiu.NikitinRYu.Sprint6.Task1.V28.Test\Tyuiu.NikitinRYu.Sprint6.Task1.V28.Test.csproj", "{810AF8EA-3A23-A682-E71C-96870B0BB848}"
EndProject
Project("{2150E333-8FDC-42A3-9474-1A3956D46DE8}") = "Task2", "Task2", "{3380EC1F-5DA4-4A2B-B467-CDC3D12089F9}"
EndProject
Project("{FAE04EC0-301F-11D3-BF4B-00C04F79EFBC}") = "Tyuiu.NikitinRYu.Sprint6.Task2.V15", "Tyuiu.NikitinRYu.Sprint6.Task2.V15\Tyuiu.NikitinRYu.Sprint6.Task2.V15.csproj", "{5C6E4724-BD0A-83E0-3748-3424E229D070}"
EndProject
Project("{FAE04EC0-301F-11D3-BF4B-00C04F79EFBC}") = "Tyuiu.NikitinRYu.Sprint6.Task2.V15.Lib", "Tyuiu.NikitinRYu.Sprint6.Task2.V15.Lib\Tyuiu.NikitinRYu.Sprint6.Task2.V15.Lib.csproj", "{4117292B-1C0B-4D50-AAFD-9FCA2210CBFD}"
EndProject
Project("{FAE04EC0-301F-11D3-BF4B-00C04F79EFBC}") = "Tyuiu.NikitinRYu.Sprint6.Task2.V15.Test", "Tyuiu.NikitinRYu.Sprint6.Task2.V15.Test\Tyuiu.NikitinRYu.Sprint6.Task2.V15.Test.csproj", "{339BF9FA-2466-195F-33E1-B8C123FB6B0E}"
EndProject
Global
	GlobalSection(SolutionConfigurationPlatforms) = preSolution
		Debug|Any CPU = Debug|Any CPU
		Release|Any CPU = Release|Any CPU
	EndGlobalSection
	GlobalSection(ProjectConfigurationPlatforms) = postSolution
		{E13B90E9-A3CF-CF93-EA86-D5659EE67AEB}.Debug|Any CPU.ActiveCfg = Debug|Any CPU
		{E13B90E9-A3CF-CF93-EA86-D5659EE67AEB}.Debug|Any CPU.Build.0 = Debug|Any CPU
		{E13B90E9-A3CF-CF93-EA86-D5659EE67AEB}.Release|Any CPU.ActiveCfg = Release|Any CPU
		{E13B90E9-A3CF-CF93-EA86-D5659EE67AEB}.Release|Any CPU.Build.0 = Release|Any CPU
		{8A302EC3-E70E-ECD6-A89B-4BCF1827F8F0}.Debug|Any CPU.ActiveCfg = Debug|Any CPU
		{8A302EC3-E70E-ECD6-A89B-4BCF1827F8F0}.Debug|Any CPU.Build.0 = Debug|Any CPU
		{8A302EC3-E70E-ECD6-A89B-4BCF1827F8F0}.Release|Any CPU.ActiveCfg = Release|Any CPU
		{8A302EC3-E70E-ECD6-A89B-4BCF1827F8F0}.Release|Any CPU.Build.0 = Release|Any CPU
		{4FC43A90-3C6D-0FE0-F345-6AD1E08EC50E}.Debug|Any CPU.ActiveCfg = Debug|Any CPU
		{4FC43A90-3C6D-0FE0-F345-6AD1E08EC50E}.Debug|Any CPU.Build.0 = Debug|Any CPU
		{4FC43A90-3C6D-0FE0-F345-6AD1E08EC50E}.Release|Any CPU.ActiveCfg = Release|Any CPU
		{4FC43A90-3C6D-0FE0-F345-6AD1E08EC50E}.Release|Any CPU.Build.0 = Release|Any CPU
		{CC95E594-5666-2447-C110-5B0BB3944842}.Debug|Any CPU.ActiveCfg = Debug|Any CPU
		{CC95E594-5666-2447-C110-5B0BB3944842}.Debug|Any CPU.Build.0 = Debug|Any CPU
		{CC95E594-5666-2447-C110-5B0BB3944842}.Release|Any CPU.ActiveCfg = Release|Any CPU
		{CC95E594-5666-2447-C110-5B0BB3944842}.Release|Any CPU.Build.0 = Release|Any CPU
		{7A18E759-1CD4-0AE3-DEF5-91FF53C78D84}.Debug|Any CPU.ActiveCfg = Debug|Any CPU
		{7A18E759-1CD4-0AE3-DEF5-91FF53C78D84}.Debug|Any CPU.Build.0 = Debug|Any CPU
		{7A18E759-1CD4-0AE3-DEF5-91FF53C78D84}.Release|Any CPU.ActiveCfg = Release|Any CPU
		{7A18E759-1CD4-0AE3-DEF5-91FF53C78D84}.Release|Any CPU.Build.0 = Release|Any CPU
		{810AF8EA-3A23-A682-E71C-96870B0BB848}.Debug|Any CPU.ActiveCfg = Debug|Any CPU
		{810AF8EA-3A23-A682-E71C-96870B0BB848}.Debug|Any CPU.Build.0 = Debug|Any CPU
		{810AF8EA-3A23-A682-E71C-96870B0BB848}.Release|Any CPU.ActiveCfg = Release|Any CPU
		{810AF8EA-3A23-A682-E71C-96870B0BB848}.Release|Any CPU.Build.0 = Release|Any CPU
		{5C6E4724-BD0A-83E0-3748-3424E229D070}.Debug|Any CPU.ActiveCfg = Debug|Any CPU
		{5C6E4724-BD0A-83E0-3748-3424E229D070}.Debug|Any CPU.Build.0 = Debug|Any CPU
		{5C6E4724-BD0A-83E0-3748-3424E229D070}.Release|Any CPU.ActiveCfg = Release|Any CPU
		{5C6E4724-BD0A-83E0-3748-3424E229D070}.Release|Any CPU.Build.0 = Release|Any CPU
		{4117292B-1C0B-4D50-AAFD-9FCA2210CBFD}.Debug|Any CPU.ActiveCfg = Debug|Any CPU
		{4117292B-1C0B-4D50-AAFD-9FCA2210CBFD}.Debug|Any CPU.Build.0 = Debug|Any CPU
		{4117292B-1C0B-4D50-AAFD-9FCA2210CBFD}.Release|Any CPU.ActiveCfg = Release|Any CPU
		{4117292B-1C0B-4D50-AAFD-9FCA2210CBFD}.Release|Any CPU.Build.0 = Release|Any CPU
		{339BF9FA-2466-195F-33E1-B8C123FB6B0E}.Debug|Any CPU.ActiveCfg = Debug|Any CPU
		{339BF9FA-2466-195F-33E1-B8C123FB6B0E}.Debug|Any CPU.Build.0 = Debug|Any CPU
		{339BF9FA-2466-195F-33E1-B8C123FB6B0E}.Release|Any CPU.ActiveCfg = Release|Any CPU
		{339BF9FA-2466-195F-33E1-B8C123FB6B0E}.Release|Any CPU.Build.0 = Release|Any CPU
	EndGlobalSection
	GlobalSection(SolutionProperties) = preSolution
		HideSolutionNode = FALSE
	EndGlobalSection
	GlobalSection(NestedProjects) = preSolution
		{E13B90E9-A3CF-CF93-EA86-D5659EE67AEB} = {36D591C7-65C7-A0D1-1CBC-10CDE441BDC8}
		{8A302EC3-E70E-ECD6-A89B-4BCF1827F8F0} = {36D591C7-65C7-A0D1-1CBC-10CDE441BDC8}
		{4FC43A90-3C6D-0FE0-F345-6AD1E08EC50E} = {36D591C7-65C7-A0D1-1CBC-10CDE441BDC8}
		{CC95E594-5666-2447-C110-5B0BB3944842} = {CD4E345F-14DE-47F5-BE84-A04978B4964D}
		{7A18E759-1CD4-0AE3-DEF5-91FF53C78D84} = {CD4E345F-14DE-47F5-BE84-A04978B4964D}
		{810AF8EA-3A23-A682-E71C-96870B0BB848} = {CD4E345F-14DE-47F5-BE84-A04978B4964D}
		{5C6E4724-BD0A-83E0-3748-3424E229D070} = {3380EC1F-5DA4-4A2B-B467-CDC3D12089F9}
		{4117292B-1C0B-4D50-AAFD-9FCA2210CBFD} = {3380EC1F-5DA4-4A2B-B467-CDC3D12089F9}
		{339BF9FA-2466-195F-33E1-B8C123FB6B0E} = {3380EC1F-5DA4-4A2B-B467-CDC3D12089F9}
	EndGlobalSection
	GlobalSection(ExtensibilityGlobals) = postSolution
		SolutionGuid = {1B290F2C-CE88-4DDF-A14C-9808C54D7D2E}
	EndGlobalSection
EndGlobal
